
Microsoft Visual Studio Solution File, Format Version 12.00
# Visual Studio Version 17
VisualStudioVersion = 17.7.34024.191
MinimumVisualStudioVersion = 10.0.40219.1
Project("{FAE04EC0-301F-11D3-BF4B-00C04F79EFBC}") = "Smth", "Smth\Smth.csproj", "{CA55D8D4-7A3F-4D89-980B-D7D83B3829C9}"
EndProject
Global
	GlobalSection(SolutionConfigurationPlatforms) = preSolution
		Debug|Any CPU = Debug|Any CPU
		Release|Any CPU = Release|Any CPU
	EndGlobalSection
	GlobalSection(ProjectConfigurationPlatforms) = postSolution
		{CA55D8D4-7A3F-4D89-980B-D7D83B3829C9}.Debug|Any CPU.ActiveCfg = Debug|Any CPU
		{CA55D8D4-7A3F-4D89-980B-D7D83B3829C9}.Debug|Any CPU.Build.0 = Debug|Any CPU
		{CA55D8D4-7A3F-4D89-980B-D7D83B3829C9}.Release|Any CPU.ActiveCfg = Release|Any CPU
		{CA55D8D4-7A3F-4D89-980B-D7D83B3829C9}.Release|Any CPU.Build.0 = Release|Any CPU
	EndGlobalSection
	GlobalSection(SolutionProperties) = preSolution
		HideSolutionNode = FALSE
	EndGlobalSection
	GlobalSection(ExtensibilityGlobals) = postSolution
		SolutionGuid = {B3DE1321-E3D7-4C8D-A889-012C0DA21EDE}
	EndGlobalSection
EndGlobal
